Microsoft Visual Studio Solution File, Format Version 11.00
# Visual Studio 2008

Project("{0EC53C34-CEB0-21B4-C790-7D31DB2FF752}") = "asdd", "Assembly-CSharp.csproj", "{5F1640C6-0422-22A0-B22E-51E864383FBC}"
EndProject
Global
	GlobalSection(SolutionConfigurationPlatforms) = preSolution
		Debug|Any CPU = Debug|Any CPU
		Release|Any CPU = Release|Any CPU
	EndGlobalSection
	GlobalSection(ProjectConfigurationPlatforms) = postSolution
		{5F1640C6-0422-22A0-B22E-51E864383FBC}.Debug|Any CPU.ActiveCfg = Debug|Any CPU
		{5F1640C6-0422-22A0-B22E-51E864383FBC}.Debug|Any CPU.Build.0 = Debug|Any CPU
		{5F1640C6-0422-22A0-B22E-51E864383FBC}.Release|Any CPU.ActiveCfg = Release|Any CPU
		{5F1640C6-0422-22A0-B22E-51E864383FBC}.Release|Any CPU.Build.0 = Release|Any CPU
	EndGlobalSection
	GlobalSection(SolutionProperties) = preSolution
		HideSolutionNode = FALSE
	EndGlobalSection
	GlobalSection(MonoDevelopProperties) = preSolution
		StartupItem = Assembly-CSharp.csproj
	EndGlobalSection
EndGlobal
