Microsoft Visual Studio Solution File, Format Version 11.00
# Visual Studio 2008

Project("{548E330E-1709-161D-B98C-BEFA2E8A203E}") = "ora ora ora ora", "Assembly-CSharp.csproj", "{07517C14-26A3-977D-139A-4702A9D40773}"
EndProject
Global
	GlobalSection(SolutionConfigurationPlatforms) = preSolution
		Debug|Any CPU = Debug|Any CPU
		Release|Any CPU = Release|Any CPU
	EndGlobalSection
	GlobalSection(ProjectConfigurationPlatforms) = postSolution
		{07517C14-26A3-977D-139A-4702A9D40773}.Debug|Any CPU.ActiveCfg = Debug|Any CPU
		{07517C14-26A3-977D-139A-4702A9D40773}.Debug|Any CPU.Build.0 = Debug|Any CPU
		{07517C14-26A3-977D-139A-4702A9D40773}.Release|Any CPU.ActiveCfg = Release|Any CPU
		{07517C14-26A3-977D-139A-4702A9D40773}.Release|Any CPU.Build.0 = Release|Any CPU
	EndGlobalSection
	GlobalSection(SolutionProperties) = preSolution
		HideSolutionNode = FALSE
	EndGlobalSection
	GlobalSection(MonoDevelopProperties) = preSolution
		StartupItem = Assembly-CSharp.csproj
	EndGlobalSection
EndGlobal
